
Microsoft Visual Studio Solution File, Format Version 10.00
# Visual Studio 2008
Project("{F14B399A-7131-4C87-9E4B-1186C45EF12D}") = "WheatProcurementFarmerWise", "WheatProcurementFarmerWise\WheatProcurementFarmerWise.rptproj", "{D641E22D-8865-4616-BA87-A682DCEE7DDE}"
EndProject
Global
	GlobalSection(SolutionConfigurationPlatforms) = preSolution
		Debug|Default = Debug|Default
		DebugLocal|Default = DebugLocal|Default
		Release|Default = Release|Default
	EndGlobalSection
	GlobalSection(ProjectConfigurationPlatforms) = postSolution
		{D641E22D-8865-4616-BA87-A682DCEE7DDE}.Debug|Default.ActiveCfg = Debug
		{D641E22D-8865-4616-BA87-A682DCEE7DDE}.Debug|Default.Build.0 = DebugLocal
		{D641E22D-8865-4616-BA87-A682DCEE7DDE}.Debug|Default.Deploy.0 = DebugLocal
		{D641E22D-8865-4616-BA87-A682DCEE7DDE}.DebugLocal|Default.ActiveCfg = DebugLocal
		{D641E22D-8865-4616-BA87-A682DCEE7DDE}.DebugLocal|Default.Build.0 = DebugLocal
		{D641E22D-8865-4616-BA87-A682DCEE7DDE}.Release|Default.ActiveCfg = Release
		{D641E22D-8865-4616-BA87-A682DCEE7DDE}.Release|Default.Build.0 = Release
		{D641E22D-8865-4616-BA87-A682DCEE7DDE}.Release|Default.Deploy.0 = Release
	EndGlobalSection
	GlobalSection(SolutionProperties) = preSolution
		HideSolutionNode = FALSE
	EndGlobalSection
EndGlobal
